
Microsoft Visual Studio Solution File, Format Version 12.00
# Visual Studio 2013
VisualStudioVersion = 12.0.30110.0
MinimumVisualStudioVersion = 10.0.40219.1
Project("{FAE04EC0-301F-11D3-BF4B-00C04F79EFBC}") = "Study.WPF", "Study.WPF\Study.WPF.csproj", "{F6F03EBE-D007-48A9-ADC6-D8BB87F57E26}"
EndProject
Project("{2150E333-8FDC-42A3-9474-1A3956D46DE8}") = "Data Files", "Data Files", "{004C24D3-9A9D-47F1-B574-8798A83D9171}"
EndProject
Project("{FAE04EC0-301F-11D3-BF4B-00C04F79EFBC}") = "Study.BingMap", "Study.BingMap\Study.BingMap.csproj", "{1320189E-8941-4EE0-8585-47FF845AD6C6}"
EndProject
Project("{FAE04EC0-301F-11D3-BF4B-00C04F79EFBC}") = "Study.WPF.UnitTests", "Study.WPF.UnitTests\Study.WPF.UnitTests.csproj", "{3AAED3D4-2346-419C-B337-F5EF0770E255}"
EndProject
Project("{FAE04EC0-301F-11D3-BF4B-00C04F79EFBC}") = "BingMapDataContracts", "BingMapDataContracts\BingMapDataContracts.csproj", "{14A69571-570E-4913-A11A-ABFD6E9D546F}"
EndProject
Project("{FAE04EC0-301F-11D3-BF4B-00C04F79EFBC}") = "simplestyles", "csharp Sample\simplestyles.csproj", "{6D7EB55B-9960-4520-AF8F-88109ABD7A12}"
EndProject
Project("{FAE04EC0-301F-11D3-BF4B-00C04F79EFBC}") = "BingMapDataDownLoader", "BingMapDataDownLoader\BingMapDataDownLoader.csproj", "{E002FAAE-D433-45A5-88F5-9D186BE767C7}"
EndProject
Project("{FAE04EC0-301F-11D3-BF4B-00C04F79EFBC}") = "ComplexPolygons", "ComplexPolygons\ComplexPolygons.csproj", "{F2DB7980-F638-4EA1-B864-A51EE39E82C8}"
EndProject
Global
	GlobalSection(SolutionConfigurationPlatforms) = preSolution
		Debug|Any CPU = Debug|Any CPU
		Release|Any CPU = Release|Any CPU
	EndGlobalSection
	GlobalSection(ProjectConfigurationPlatforms) = postSolution
		{F6F03EBE-D007-48A9-ADC6-D8BB87F57E26}.Debug|Any CPU.ActiveCfg = Debug|Any CPU
		{F6F03EBE-D007-48A9-ADC6-D8BB87F57E26}.Debug|Any CPU.Build.0 = Debug|Any CPU
		{F6F03EBE-D007-48A9-ADC6-D8BB87F57E26}.Release|Any CPU.ActiveCfg = Release|Any CPU
		{F6F03EBE-D007-48A9-ADC6-D8BB87F57E26}.Release|Any CPU.Build.0 = Release|Any CPU
		{1320189E-8941-4EE0-8585-47FF845AD6C6}.Debug|Any CPU.ActiveCfg = Debug|Any CPU
		{1320189E-8941-4EE0-8585-47FF845AD6C6}.Debug|Any CPU.Build.0 = Debug|Any CPU
		{1320189E-8941-4EE0-8585-47FF845AD6C6}.Release|Any CPU.ActiveCfg = Release|Any CPU
		{1320189E-8941-4EE0-8585-47FF845AD6C6}.Release|Any CPU.Build.0 = Release|Any CPU
		{3AAED3D4-2346-419C-B337-F5EF0770E255}.Debug|Any CPU.ActiveCfg = Debug|Any CPU
		{3AAED3D4-2346-419C-B337-F5EF0770E255}.Debug|Any CPU.Build.0 = Debug|Any CPU
		{3AAED3D4-2346-419C-B337-F5EF0770E255}.Release|Any CPU.ActiveCfg = Release|Any CPU
		{3AAED3D4-2346-419C-B337-F5EF0770E255}.Release|Any CPU.Build.0 = Release|Any CPU
		{14A69571-570E-4913-A11A-ABFD6E9D546F}.Debug|Any CPU.ActiveCfg = Debug|Any CPU
		{14A69571-570E-4913-A11A-ABFD6E9D546F}.Debug|Any CPU.Build.0 = Debug|Any CPU
		{14A69571-570E-4913-A11A-ABFD6E9D546F}.Release|Any CPU.ActiveCfg = Release|Any CPU
		{14A69571-570E-4913-A11A-ABFD6E9D546F}.Release|Any CPU.Build.0 = Release|Any CPU
		{6D7EB55B-9960-4520-AF8F-88109ABD7A12}.Debug|Any CPU.ActiveCfg = Debug|Any CPU
		{6D7EB55B-9960-4520-AF8F-88109ABD7A12}.Debug|Any CPU.Build.0 = Debug|Any CPU
		{6D7EB55B-9960-4520-AF8F-88109ABD7A12}.Release|Any CPU.ActiveCfg = Release|Any CPU
		{6D7EB55B-9960-4520-AF8F-88109ABD7A12}.Release|Any CPU.Build.0 = Release|Any CPU
		{E002FAAE-D433-45A5-88F5-9D186BE767C7}.Debug|Any CPU.ActiveCfg = Debug|Any CPU
		{E002FAAE-D433-45A5-88F5-9D186BE767C7}.Debug|Any CPU.Build.0 = Debug|Any CPU
		{E002FAAE-D433-45A5-88F5-9D186BE767C7}.Release|Any CPU.ActiveCfg = Release|Any CPU
		{E002FAAE-D433-45A5-88F5-9D186BE767C7}.Release|Any CPU.Build.0 = Release|Any CPU
		{F2DB7980-F638-4EA1-B864-A51EE39E82C8}.Debug|Any CPU.ActiveCfg = Debug|Any CPU
		{F2DB7980-F638-4EA1-B864-A51EE39E82C8}.Debug|Any CPU.Build.0 = Debug|Any CPU
		{F2DB7980-F638-4EA1-B864-A51EE39E82C8}.Release|Any CPU.ActiveCfg = Release|Any CPU
		{F2DB7980-F638-4EA1-B864-A51EE39E82C8}.Release|Any CPU.Build.0 = Release|Any CPU
	EndGlobalSection
	GlobalSection(SolutionProperties) = preSolution
		HideSolutionNode = FALSE
	EndGlobalSection
EndGlobal
